
Microsoft Visual Studio Solution File, Format Version 12.00
# Visual Studio 14
VisualStudioVersion = 14.0.24720.0
MinimumVisualStudioVersion = 10.0.40219.1
Project("{2150E333-8FDC-42A3-9474-1A3956D46DE8}") = "src", "src", "{54DB2B30-C743-4208-BD5D-BCC8F27E981E}"
EndProject
Project("{2150E333-8FDC-42A3-9474-1A3956D46DE8}") = "test", "test", "{23C12D8B-9846-4ECC-BEF2-809B013CB983}"
EndProject
Project("{FAE04EC0-301F-11D3-BF4B-00C04F79EFBC}") = "DazPaz.Cyclone", "src\DazPaz.Cyclone\DazPaz.Cyclone.csproj", "{A19A0A5E-09C9-4208-9F17-B57AF9D71886}"
EndProject
Project("{FAE04EC0-301F-11D3-BF4B-00C04F79EFBC}") = "DazPaz.Cyclone.Test", "test\DazPaz.Cyclone.Test\DazPaz.Cyclone.Test.csproj", "{F71BF0CE-5E30-48B3-BF78-7B90BEFC601A}"
EndProject
Global
	GlobalSection(SolutionConfigurationPlatforms) = preSolution
		Debug|Any CPU = Debug|Any CPU
		Release|Any CPU = Release|Any CPU
	EndGlobalSection
	GlobalSection(ProjectConfigurationPlatforms) = postSolution
		{A19A0A5E-09C9-4208-9F17-B57AF9D71886}.Debug|Any CPU.ActiveCfg = Debug|Any CPU
		{A19A0A5E-09C9-4208-9F17-B57AF9D71886}.Debug|Any CPU.Build.0 = Debug|Any CPU
		{A19A0A5E-09C9-4208-9F17-B57AF9D71886}.Release|Any CPU.ActiveCfg = Release|Any CPU
		{A19A0A5E-09C9-4208-9F17-B57AF9D71886}.Release|Any CPU.Build.0 = Release|Any CPU
		{F71BF0CE-5E30-48B3-BF78-7B90BEFC601A}.Debug|Any CPU.ActiveCfg = Debug|Any CPU
		{F71BF0CE-5E30-48B3-BF78-7B90BEFC601A}.Debug|Any CPU.Build.0 = Debug|Any CPU
		{F71BF0CE-5E30-48B3-BF78-7B90BEFC601A}.Release|Any CPU.ActiveCfg = Release|Any CPU
		{F71BF0CE-5E30-48B3-BF78-7B90BEFC601A}.Release|Any CPU.Build.0 = Release|Any CPU
	EndGlobalSection
	GlobalSection(SolutionProperties) = preSolution
		HideSolutionNode = FALSE
	EndGlobalSection
	GlobalSection(NestedProjects) = preSolution
		{A19A0A5E-09C9-4208-9F17-B57AF9D71886} = {54DB2B30-C743-4208-BD5D-BCC8F27E981E}
		{F71BF0CE-5E30-48B3-BF78-7B90BEFC601A} = {23C12D8B-9846-4ECC-BEF2-809B013CB983}
	EndGlobalSection
EndGlobal
